
Microsoft Visual Studio Solution File, Format Version 12.00
Project("{FAE04EC0-301F-11D3-BF4B-00C04F79EFBC}") = "APBD-Cw3-Equipment_Rental_System-s33639", "APBD-Cw3-Equipment_Rental_System-s33639\APBD-Cw3-Equipment_Rental_System-s33639.csproj", "{37A26811-9849-48FC-AC18-F616DD786742}"
EndProject
Global
	GlobalSection(SolutionConfigurationPlatforms) = preSolution
		Debug|Any CPU = Debug|Any CPU
		Release|Any CPU = Release|Any CPU
	EndGlobalSection
	GlobalSection(ProjectConfigurationPlatforms) = postSolution
		{37A26811-9849-48FC-AC18-F616DD786742}.Debug|Any CPU.ActiveCfg = Debug|Any CPU
		{37A26811-9849-48FC-AC18-F616DD786742}.Debug|Any CPU.Build.0 = Debug|Any CPU
		{37A26811-9849-48FC-AC18-F616DD786742}.Release|Any CPU.ActiveCfg = Release|Any CPU
		{37A26811-9849-48FC-AC18-F616DD786742}.Release|Any CPU.Build.0 = Release|Any CPU
	EndGlobalSection
EndGlobal
